
Microsoft Visual Studio Solution File, Format Version 12.00
# Visual Studio Version 17
VisualStudioVersion = 17.14.36915.13 d17.14
MinimumVisualStudioVersion = 10.0.40219.1
Project("{FAE04EC0-301F-11D3-BF4B-00C04F79EFBC}") = "HabitTracker", "HabitTracker\HabitTracker.csproj", "{AE5C737B-C9D9-43A9-BE5A-3E047A9B6A94}"
EndProject
Global
	GlobalSection(SolutionConfigurationPlatforms) = preSolution
		Debug|Any CPU = Debug|Any CPU
		Release|Any CPU = Release|Any CPU
	EndGlobalSection
	GlobalSection(ProjectConfigurationPlatforms) = postSolution
		{AE5C737B-C9D9-43A9-BE5A-3E047A9B6A94}.Debug|Any CPU.ActiveCfg = Debug|Any CPU
		{AE5C737B-C9D9-43A9-BE5A-3E047A9B6A94}.Debug|Any CPU.Build.0 = Debug|Any CPU
		{AE5C737B-C9D9-43A9-BE5A-3E047A9B6A94}.Release|Any CPU.ActiveCfg = Release|Any CPU
		{AE5C737B-C9D9-43A9-BE5A-3E047A9B6A94}.Release|Any CPU.Build.0 = Release|Any CPU
	EndGlobalSection
	GlobalSection(SolutionProperties) = preSolution
		HideSolutionNode = FALSE
	EndGlobalSection
	GlobalSection(ExtensibilityGlobals) = postSolution
		SolutionGuid = {9E4C10E7-21CB-44B0-A864-A231E22742CD}
	EndGlobalSection
EndGlobal
